
Microsoft Visual Studio Solution File, Format Version 12.00
# Visual Studio Version 17
VisualStudioVersion = 17.8.34408.163
MinimumVisualStudioVersion = 10.0.40219.1
Project("{FAE04EC0-301F-11D3-BF4B-00C04F79EFBC}") = "Chu_Ky_So_RSA", "Chu_Ky_So_RSA.csproj", "{A6ADA2F1-1C05-4862-A359-32C23162FDFC}"
EndProject
Global
	GlobalSection(SolutionConfigurationPlatforms) = preSolution
		Debug|Any CPU = Debug|Any CPU
		Release|Any CPU = Release|Any CPU
	EndGlobalSection
	GlobalSection(ProjectConfigurationPlatforms) = postSolution
		{A6ADA2F1-1C05-4862-A359-32C23162FDFC}.Debug|Any CPU.ActiveCfg = Debug|Any CPU
		{A6ADA2F1-1C05-4862-A359-32C23162FDFC}.Debug|Any CPU.Build.0 = Debug|Any CPU
		{A6ADA2F1-1C05-4862-A359-32C23162FDFC}.Release|Any CPU.ActiveCfg = Release|Any CPU
		{A6ADA2F1-1C05-4862-A359-32C23162FDFC}.Release|Any CPU.Build.0 = Release|Any CPU
	EndGlobalSection
	GlobalSection(SolutionProperties) = preSolution
		HideSolutionNode = FALSE
	EndGlobalSection
	GlobalSection(ExtensibilityGlobals) = postSolution
		SolutionGuid = {6B54B351-2312-44FD-B32A-DDB372514D55}
	EndGlobalSection
EndGlobal
